{
    "name": "ezito-addon",
    "version": "1.0.0",
    "lockfileVersion": 3,
    "requires": true,
    "packages": {
        "": {
            "name": "ezito-addon",
            "version": "1.0.0",
            "license": "MIT",
            "dependencies": {
                "ezito-addon": "github:ezitoir/ezito-addon"
            }
        },
        "node_modules/ezito-addon": {
            "version": "1.0.0",
            "resolved": "git+ssh://git@github.com/ezitoir/ezito-addon.git#04499edd3e254694f35a52bbea2ee29abaef3e8f",
            "license": "MIT"
        }
    }
}
